lockfileVersion: '9.0'

settings:
  autoInstallPeers: true
  excludeLinksFromLockfile: false

catalogs:
  default:
    '@cloudflare/vitest-pool-workers':
      specifier: ^0.20.2
      version: 0.20.3
    capnweb:
      specifier: ^0.11.1
      version: 0.11.1
    capnweb-validate:
      specifier: 0.2.4
      version: 0.2.4
    typescript:
      specifier: 7.0.2
      version: 7.0.2
    vite-plus:
      specifier: ^0.2.8
      version: 0.2.9
    vitest:
      specifier: ^4.1.10
      version: 4.1.10
    wrangler:
      specifier: ^4.119.0
      version: 4.124.0

overrides:
  vite: 7.3.6
  '@types/node': 26.1.0

importers:

  .:
    devDependencies:
      '@cloudflare/vitest-pool-workers':
        specifier: 'catalog:'
        version: 0.20.3(@cloudflare/workers-types@5.20260818.1)(@vitest/runner@4.1.10)(@vitest/snapshot@4.1.10)(vitest@4.1.10)
      '@types/node':
        specifier: 26.1.0
        version: 26.1.0
      jsonc-parser:
        specifier: ^3.3.1
        version: 3.3.1
      typescript:
        specifier: 'catalog:'
        version: 7.0.2
      vite:
        specifier: 7.3.6
        version: 7.3.6(@types/node@26.1.0)(lightningcss@1.33.0)
      vite-plus:
        specifier: 'catalog:'
        version: 0.2.9(@types/node@26.1.0)(esbuild@0.28.1)(typescript@7.0.2)(vite@7.3.6(@types/node@26.1.0)(lightningcss@1.33.0))
      wrangler:
        specifier: 'catalog:'
        version: 4.124.0(@cloudflare/workers-types@5.20260818.1)
